
Microsoft Visual Studio Solution File, Format Version 12.00
# Visual Studio Version 17
VisualStudioVersion = 17.0.32014.148
MinimumVisualStudioVersion = 10.0.40219.1
Project("{9A19103F-16F7-4668-BE54-9A1E7A4F7556}") = "LogisticsApiServices", "LogisticsApiServices.csproj", "{118CD959-C4F4-4BC2-8AE0-FD81CE84C376}"
EndProject
Global
	GlobalSection(SolutionConfigurationPlatforms) = preSolution
		Debug|Any CPU = Debug|Any CPU
		Release|Any CPU = Release|Any CPU
	EndGlobalSection
	GlobalSection(ProjectConfigurationPlatforms) = postSolution
		{118CD959-C4F4-4BC2-8AE0-FD81CE84C376}.Debug|Any CPU.ActiveCfg = Debug|Any CPU
		{118CD959-C4F4-4BC2-8AE0-FD81CE84C376}.Debug|Any CPU.Build.0 = Debug|Any CPU
		{118CD959-C4F4-4BC2-8AE0-FD81CE84C376}.Release|Any CPU.ActiveCfg = Release|Any CPU
		{118CD959-C4F4-4BC2-8AE0-FD81CE84C376}.Release|Any CPU.Build.0 = Release|Any CPU
	EndGlobalSection
	GlobalSection(SolutionProperties) = preSolution
		HideSolutionNode = FALSE
	EndGlobalSection
	GlobalSection(ExtensibilityGlobals) = postSolution
		SolutionGuid = {82DE9757-2F64-4162-B827-45D8289AA109}
	EndGlobalSection
EndGlobal
